{
  "name": "galamach-palindrome-section9",
  "version": "0.1.0",
  "lockfileVersion": 1,
  "requires": true,
  "dependencies": {
    "galamach-palindrome": {
      "version": "0.1.0",
      "resolved": "https://registry.npmjs.org/galamach-palindrome/-/galamach-palindrome-0.1.0.tgz",
      "integrity": "sha512-vtszde8Bvch36+jyetJVOAiC0oYfYSBpDtYFVwEWUWtSVMM3d9+HyAfsUrRuZDH19kvCstTTj3hcTHFuT24wMQ=="
    }
  }
}
